{
  "originHash" : "705ff44e288ea71e2504b659cf51bafafd0a971a0811c5f3d37682a712f89cea",
  "pins" : [
    {
      "identity" : "adcio-ios-sdk",
      "kind" : "remoteSourceControl",
      "location" : "https://github.com/corca-ai/adcio-ios-sdk",
      "state" : {
        "branch" : "demo",
        "revision" : "0f0f2cc39b5cfdd8033507b06b9ae5c77e663460"
      }
    }
  ],
  "version" : 3
}
